// !$*UTF8*$!
{
	archiveVersion = 1;
	classes = {
	};
	objectVersion = 46;
	objects = {

/* Begin PBXBuildFile section */
		8433DDB61E5ED47600B95185 /* main.m in Sources */ = {isa = PBXBuildFile; fileRef = 8433DDB51E5ED47600B95185 /* main.m */; };
		8433DDB91E5ED47600B95185 /* AppDelegate.m in Sources */ = {isa = PBXBuildFile; fileRef = 8433DDB81E5ED47600B95185 /* AppDelegate.m */; };
		8433DDBC1E5ED47600B95185 /* ViewController.m in Sources */ = {isa = PBXBuildFile; fileRef = 8433DDBB1E5ED47600B95185 /* ViewController.m */; };
		8433DDBF1E5ED47600B95185 /* Main.storyboard in Resources */ = {isa = PBXBuildFile; fileRef = 8433DDBD1E5ED47600B95185 /* Main.storyboard */; };
		8433DDC11E5ED47600B95185 /* Assets.xcassets in Resources */ = {isa = PBXBuildFile; fileRef = 8433DDC01E5ED47600B95185 /* Assets.xcassets */; };
		8433DDC41E5ED47600B95185 /* LaunchScreen.storyboard in Resources */ = {isa = PBXBuildFile; fileRef = 8433DDC21E5ED47600B95185 /* LaunchScreen.storyboard */; };
		8433DDCF1E5ED47600B95185 /* JHImageProjectTests.m in Sources */ = {isa = PBXBuildFile; fileRef = 8433DDCE1E5ED47600B95185 /* JHImageProjectTests.m */; };
		8433DDDA1E5ED47600B95185 /* JHImageProjectUITests.m in Sources */ = {isa = PBXBuildFile; fileRef = 8433DDD91E5ED47600B95185 /* JHImageProjectUITests.m */; };
		8433DDEA1E5ED56900B95185 /* ghost.png in Resources */ = {isa = PBXBuildFile; fileRef = 8433DDE81E5ED56900B95185 /* ghost.png */; };
		8433DDEB1E5ED56900B95185 /* ghost1.png in Resources */ = {isa = PBXBuildFile; fileRef = 8433DDE91E5ED56900B95185 /* ghost1.png */; };
		8433DDF61E5ED5C900B95185 /* BitmapViewController.m in Sources */ = {isa = PBXBuildFile; fileRef = 8433DDF41E5ED5C900B95185 /* BitmapViewController.m */; };
		8433DDF71E5ED5C900B95185 /* BitmapViewController.xib in Resources */ = {isa = PBXBuildFile; fileRef = 8433DDF51E5ED5C900B95185 /* BitmapViewController.xib */; };
		8433DDFA1E5ED6A300B95185 /* UIImage+Event.m in Sources */ = {isa = PBXBuildFile; fileRef = 8433DDF91E5ED6A300B95185 /* UIImage+Event.m */; };
/* End PBXBuildFile section */

/* Begin PBXContainerItemProxy section */
		8433DDCB1E5ED47600B95185 /* PBXContainerItemProxy */ = {
			isa = PBXContainerItemProxy;
			containerPortal = 8433DDA91E5ED47600B95185 /* Project object */;
			proxyType = 1;
			remoteGlobalIDString = 8433DDB01E5ED47600B95185;
			remoteInfo = JHImageProject;
		};
		8433DDD61E5ED47600B95185 /* PBXContainerItemProxy */ = {
			isa = PBXContainerItemProxy;
			containerPortal = 8433DDA91E5ED47600B95185 /* Project object */;
			proxyType = 1;
			remoteGlobalIDString = 8433DDB01E5ED47600B95185;
			remoteInfo = JHImageProject;
		};
/* End PBXContainerItemProxy section */

/* Begin PBXFileReference section */
		8433DDB11E5ED47600B95185 /* JHImageProject.app */ = {isa = PBXFileReference; explicitFileType = wrapper.application; includeInIndex = 0; path = JHImageProject.app; sourceTree = BUILT_PRODUCTS_DIR; };
		8433DDB51E5ED47600B95185 /* main.m */ = {isa = PBXFileReference; lastKnownFileType = sourcecode.c.objc; path = main.m; sourceTree = "<group>"; };
		8433DDB71E5ED47600B95185 /* AppDelegate.h */ = {isa = PBXFileReference; lastKnownFileType = sourcecode.c.h; path = AppDelegate.h; sourceTree = "<group>"; };
		8433DDB81E5ED47600B95185 /* AppDelegate.m */ = {isa = PBXFileReference; lastKnownFileType = sourcecode.c.objc; path = AppDelegate.m; sourceTree = "<group>"; };
		8433DDBA1E5ED47600B95185 /* ViewController.h */ = {isa = PBXFileReference; lastKnownFileType = sourcecode.c.h; path = ViewController.h; sourceTree = "<group>"; };
		8433DDBB1E5ED47600B95185 /* ViewController.m */ = {isa = PBXFileReference; lastKnownFileType = sourcecode.c.objc; path = ViewController.m; sourceTree = "<group>"; };
		8433DDBE1E5ED47600B95185 /* Base */ = {isa = PBXFileReference; lastKnownFileType = file.storyboard; name = Base; path = Base.lproj/Main.storyboard; sourceTree = "<group>"; };
		8433DDC01E5ED47600B95185 /* Assets.xcassets */ = {isa = PBXFileReference; lastKnownFileType = folder.assetcatalog; path = Assets.xcassets; sourceTree = "<group>"; };
		8433DDC31E5ED47600B95185 /* Base */ = {isa = PBXFileReference; lastKnownFileType = file.storyboard; name = Base; path = Base.lproj/LaunchScreen.storyboard; sourceTree = "<group>"; };
		8433DDC51E5ED47600B95185 /* Info.plist */ = {isa = PBXFileReference; lastKnownFileType = text.plist.xml; path = Info.plist; sourceTree = "<group>"; };
		8433DDCA1E5ED47600B95185 /* JHImageProjectTests.xctest */ = {isa = PBXFileReference; explicitFileType = wrapper.cfbundle; includeInIndex = 0; path = JHImageProjectTests.xctest; sourceTree = BUILT_PRODUCTS_DIR; };
		8433DDCE1E5ED47600B95185 /* JHImageProjectTests.m */ = {isa = PBXFileReference; lastKnownFileType = sourcecode.c.objc; path = JHImageProjectTests.m; sourceTree = "<group>"; };
		8433DDD01E5ED47600B95185 /* Info.plist */ = {isa = PBXFileReference; lastKnownFileType = text.plist.xml; path = Info.plist; sourceTree = "<group>"; };
		8433DDD51E5ED47600B95185 /* JHImageProjectUITests.xctest */ = {isa = PBXFileReference; explicitFileType = wrapper.cfbundle; includeInIndex = 0; path = JHImageProjectUITests.xctest; sourceTree = BUILT_PRODUCTS_DIR; };
		8433DDD91E5ED47600B95185 /* JHImageProjectUITests.m */ = {isa = PBXFileReference; lastKnownFileType = sourcecode.c.objc; path = JHImageProjectUITests.m; sourceTree = "<group>"; };
		8433DDDB1E5ED47600B95185 /* Info.plist */ = {isa = PBXFileReference; lastKnownFileType = text.plist.xml; path = Info.plist; sourceTree = "<group>"; };
		8433DDE81E5ED56900B95185 /* ghost.png */ = {isa = PBXFileReference; lastKnownFileType = image.png; path = ghost.png; sourceTree = "<group>"; };
		8433DDE91E5ED56900B95185 /* ghost1.png */ = {isa = PBXFileReference; lastKnownFileType = image.png; path = ghost1.png; sourceTree = "<group>"; };
		8433DDF31E5ED5C900B95185 /* BitmapViewController.h */ = {isa = PBXFileReference; fileEncoding = 4; lastKnownFileType = sourcecode.c.h; path = BitmapViewController.h; sourceTree = "<group>"; };
		8433DDF41E5ED5C900B95185 /* BitmapViewController.m */ = {isa = PBXFileReference; fileEncoding = 4; lastKnownFileType = sourcecode.c.objc; path = BitmapViewController.m; sourceTree = "<group>"; };
		8433DDF51E5ED5C900B95185 /* BitmapViewController.xib */ = {isa = PBXFileReference; fileEncoding = 4; lastKnownFileType = file.xib; path = BitmapViewController.xib; sourceTree = "<group>"; };
		8433DDF81E5ED6A300B95185 /* UIImage+Event.h */ = {isa = PBXFileReference; fileEncoding = 4; lastKnownFileType = sourcecode.c.h; path = "UIImage+Event.h"; sourceTree = "<group>"; };
		8433DDF91E5ED6A300B95185 /* UIImage+Event.m */ = {isa = PBXFileReference; fileEncoding = 4; lastKnownFileType = sourcecode.c.objc; path = "UIImage+Event.m"; sourceTree = "<group>"; };
/* End PBXFileReference section */

/* Begin PBXFrameworksBuildPhase section */
		8433DDAE1E5ED47600B95185 /* Frameworks */ = {
			isa = PBXFrameworksBuildPhase;
			buildActionMask = 2147483647;
			files = (
			);
			runOnlyForDeploymentPostprocessing = 0;
		};
		8433DDC71E5ED47600B95185 /* Frameworks */ = {
			isa = PBXFrameworksBuildPhase;
			buildActionMask = 2147483647;
			files = (
			);
			runOnlyForDeploymentPostprocessing = 0;
		};
		8433DDD21E5ED47600B95185 /* Frameworks */ = {
			isa = PBXFrameworksBuildPhase;
			buildActionMask = 2147483647;
			files = (
			);
			runOnlyForDeploymentPostprocessing = 0;
		};
/* End PBXFrameworksBuildPhase section */

/* Begin PBXGroup section */
		8433DDA81E5ED47600B95185 = {
			isa = PBXGroup;
			children = (
				8433DDB31E5ED47600B95185 /* JHImageProject */,
				8433DDCD1E5ED47600B95185 /* JHImageProjectTests */,
				8433DDD81E5ED47600B95185 /* JHImageProjectUITests */,
				8433DDB21E5ED47600B95185 /* Products */,
			);
			sourceTree = "<group>";
		};
		8433DDB21E5ED47600B95185 /* Products */ = {
			isa = PBXGroup;
			children = (
				8433DDB11E5ED47600B95185 /* JHImageProject.app */,
				8433DDCA1E5ED47600B95185 /* JHImageProjectTests.xctest */,
				8433DDD51E5ED47600B95185 /* JHImageProjectUITests.xctest */,
			);
			name = Products;
			sourceTree = "<group>";
		};
		8433DDB31E5ED47600B95185 /* JHImageProject */ = {
			isa = PBXGroup;
			children = (
				8433DDF21E5ED5C900B95185 /* ViewControllers */,
				8433DDF11E5ED5C400B95185 /* Category */,
				8433DDE71E5ED56900B95185 /* Images */,
				8433DDB71E5ED47600B95185 /* AppDelegate.h */,
				8433DDB81E5ED47600B95185 /* AppDelegate.m */,
				8433DDBA1E5ED47600B95185 /* ViewController.h */,
				8433DDBB1E5ED47600B95185 /* ViewController.m */,
				8433DDBD1E5ED47600B95185 /* Main.storyboard */,
				8433DDC01E5ED47600B95185 /* Assets.xcassets */,
				8433DDC21E5ED47600B95185 /* LaunchScreen.storyboard */,
				8433DDC51E5ED47600B95185 /* Info.plist */,
				8433DDB41E5ED47600B95185 /* Supporting Files */,
			);
			path = JHImageProject;
			sourceTree = "<group>";
		};
		8433DDB41E5ED47600B95185 /* Supporting Files */ = {
			isa = PBXGroup;
			children = (
				8433DDB51E5ED47600B95185 /* main.m */,
			);
			name = "Supporting Files";
			sourceTree = "<group>";
		};
		8433DDCD1E5ED47600B95185 /* JHImageProjectTests */ = {
			isa = PBXGroup;
			children = (
				8433DDCE1E5ED47600B95185 /* JHImageProjectTests.m */,
				8433DDD01E5ED47600B95185 /* Info.plist */,
			);
			path = JHImageProjectTests;
			sourceTree = "<group>";
		};
		8433DDD81E5ED47600B95185 /* JHImageProjectUITests */ = {
			isa = PBXGroup;
			children = (
				8433DDD91E5ED47600B95185 /* JHImageProjectUITests.m */,
				8433DDDB1E5ED47600B95185 /* Info.plist */,
			);
			path = JHImageProjectUITests;
			sourceTree = "<group>";
		};
		8433DDE71E5ED56900B95185 /* Images */ = {
			isa = PBXGroup;
			children = (
				8433DDE81E5ED56900B95185 /* ghost.png */,
				8433DDE91E5ED56900B95185 /* ghost1.png */,
			);
			path = Images;
			sourceTree = "<group>";
		};
		8433DDF11E5ED5C400B95185 /* Category */ = {
			isa = PBXGroup;
			children = (
				8433DDF81E5ED6A300B95185 /* UIImage+Event.h */,
				8433DDF91E5ED6A300B95185 /* UIImage+Event.m */,
			);
			path = Category;
			sourceTree = "<group>";
		};
		8433DDF21E5ED5C900B95185 /* ViewControllers */ = {
			isa = PBXGroup;
			children = (
				8433DDF31E5ED5C900B95185 /* BitmapViewController.h */,
				8433DDF41E5ED5C900B95185 /* BitmapViewController.m */,
				8433DDF51E5ED5C900B95185 /* BitmapViewController.xib */,
			);
			path = ViewControllers;
			sourceTree = "<group>";
		};
/* End PBXGroup section */

/* Begin PBXNativeTarget section */
		8433DDB01E5ED47600B95185 /* JHImageProject */ = {
			isa = PBXNativeTarget;
			buildConfigurationList = 8433DDDE1E5ED47600B95185 /* Build configuration list for PBXNativeTarget "JHImageProject" */;
			buildPhases = (
				8433DDAD1E5ED47600B95185 /* Sources */,
				8433DDAE1E5ED47600B95185 /* Frameworks */,
				8433DDAF1E5ED47600B95185 /* Resources */,
			);
			buildRules = (
			);
			dependencies = (
			);
			name = JHImageProject;
			productName = JHImageProject;
			productReference = 8433DDB11E5ED47600B95185 /* JHImageProject.app */;
			productType = "com.apple.product-type.application";
		};
		8433DDC91E5ED47600B95185 /* JHImageProjectTests */ = {
			isa = PBXNativeTarget;
			buildConfigurationList = 8433DDE11E5ED47600B95185 /* Build configuration list for PBXNativeTarget "JHImageProjectTests" */;
			buildPhases = (
				8433DDC61E5ED47600B95185 /* Sources */,
				8433DDC71E5ED47600B95185 /* Frameworks */,
				8433DDC81E5ED47600B95185 /* Resources */,
			);
			buildRules = (
			);
			dependencies = (
				8433DDCC1E5ED47600B95185 /* PBXTargetDependency */,
			);
			name = JHImageProjectTests;
			productName = JHImageProjectTests;
			productReference = 8433DDCA1E5ED47600B95185 /* JHImageProjectTests.xctest */;
			productType = "com.apple.product-type.bundle.unit-test";
		};
		8433DDD41E5ED47600B95185 /* JHImageProjectUITests */ = {
			isa = PBXNativeTarget;
			buildConfigurationList = 8433DDE41E5ED47600B95185 /* Build configuration list for PBXNativeTarget "JHImageProjectUITests" */;
			buildPhases = (
				8433DDD11E5ED47600B95185 /* Sources */,
				8433DDD21E5ED47600B95185 /* Frameworks */,
				8433DDD31E5ED47600B95185 /* Resources */,
			);
			buildRules = (
			);
			dependencies = (
				8433DDD71E5ED47600B95185 /* PBXTargetDependency */,
			);
			name = JHImageProjectUITests;
			productName = JHImageProjectUITests;
			productReference = 8433DDD51E5ED47600B95185 /* JHImageProjectUITests.xctest */;
			productType = "com.apple.product-type.bundle.ui-testing";
		};
/* End PBXNativeTarget section */

/* Begin PBXProject section */
		8433DDA91E5ED47600B95185 /* Project object */ = {
			isa = PBXProject;
			attributes = {
				LastUpgradeCheck = 0820;
				ORGANIZATIONNAME = admin;
				TargetAttributes = {
					8433DDB01E5ED47600B95185 = {
						CreatedOnToolsVersion = 8.2.1;
						DevelopmentTeam = QDC3KV7D2U;
						ProvisioningStyle = Automatic;
					};
					8433DDC91E5ED47600B95185 = {
						CreatedOnToolsVersion = 8.2.1;
						DevelopmentTeam = QDC3KV7D2U;
						ProvisioningStyle = Automatic;
						TestTargetID = 8433DDB01E5ED47600B95185;
					};
					8433DDD41E5ED47600B95185 = {
						CreatedOnToolsVersion = 8.2.1;
						DevelopmentTeam = QDC3KV7D2U;
						ProvisioningStyle = Automatic;
						TestTargetID = 8433DDB01E5ED47600B95185;
					};
				};
			};
			buildConfigurationList = 8433DDAC1E5ED47600B95185 /* Build configuration list for PBXProject "JHImageProject" */;
			compatibilityVersion = "Xcode 3.2";
			developmentRegion = English;
			hasScannedForEncodings = 0;
			knownRegions = (
				en,
				Base,
			);
			mainGroup = 8433DDA81E5ED47600B95185;
			productRefGroup = 8433DDB21E5ED47600B95185 /* Products */;
			projectDirPath = "";
			projectRoot = "";
			targets = (
				8433DDB01E5ED47600B95185 /* JHImageProject */,
				8433DDC91E5ED47600B95185 /* JHImageProjectTests */,
				8433DDD41E5ED47600B95185 /* JHImageProjectUITests */,
			);
		};
/* End PBXProject section */

/* Begin PBXResourcesBuildPhase section */
		8433DDAF1E5ED47600B95185 /* Resources */ = {
			isa = PBXResourcesBuildPhase;
			buildActionMask = 2147483647;
			files = (
				8433DDC41E5ED47600B95185 /* LaunchScreen.storyboard in Resources */,
				8433DDEA1E5ED56900B95185 /* ghost.png in Resources */,
				8433DDC11E5ED47600B95185 /* Assets.xcassets in Resources */,
				8433DDF71E5ED5C900B95185 /* BitmapViewController.xib in Resources */,
				8433DDEB1E5ED56900B95185 /* ghost1.png in Resources */,
				8433DDBF1E5ED47600B95185 /* Main.storyboard in Resources */,
			);
			runOnlyForDeploymentPostprocessing = 0;
		};
		8433DDC81E5ED47600B95185 /* Resources */ = {
			isa = PBXResourcesBuildPhase;
			buildActionMask = 2147483647;
			files = (
			);
			runOnlyForDeploymentPostprocessing = 0;
		};
		8433DDD31E5ED47600B95185 /* Resources */ = {
			isa = PBXResourcesBuildPhase;
			buildActionMask = 2147483647;
			files = (
			);
			runOnlyForDeploymentPostprocessing = 0;
		};
/* End PBXResourcesBuildPhase section */

/* Begin PBXSourcesBuildPhase section */
		8433DDAD1E5ED47600B95185 /* Sources */ = {
			isa = PBXSourcesBuildPhase;
			buildActionMask = 2147483647;
			files = (
				8433DDBC1E5ED47600B95185 /* ViewController.m in Sources */,
				8433DDFA1E5ED6A300B95185 /* UIImage+Event.m in Sources */,
				8433DDF61E5ED5C900B95185 /* BitmapViewController.m in Sources */,
				8433DDB91E5ED47600B95185 /* AppDelegate.m in Sources */,
				8433DDB61E5ED47600B95185 /* main.m in Sources */,
			);
			runOnlyForDeploymentPostprocessing = 0;
		};
		8433DDC61E5ED47600B95185 /* Sources */ = {
			isa = PBXSourcesBuildPhase;
			buildActionMask = 2147483647;
			files = (
				8433DDCF1E5ED47600B95185 /* JHImageProjectTests.m in Sources */,
			);
			runOnlyForDeploymentPostprocessing = 0;
		};
		8433DDD11E5ED47600B95185 /* Sources */ = {
			isa = PBXSourcesBuildPhase;
			buildActionMask = 2147483647;
			files = (
				8433DDDA1E5ED47600B95185 /* JHImageProjectUITests.m in Sources */,
			);
			runOnlyForDeploymentPostprocessing = 0;
		};
/* End PBXSourcesBuildPhase section */

/* Begin PBXTargetDependency section */
		8433DDCC1E5ED47600B95185 /* PBXTargetDependency */ = {
			isa = PBXTargetDependency;
			target = 8433DDB01E5ED47600B95185 /* JHImageProject */;
			targetProxy = 8433DDCB1E5ED47600B95185 /* PBXContainerItemProxy */;
		};
		8433DDD71E5ED47600B95185 /* PBXTargetDependency */ = {
			isa = PBXTargetDependency;
			target = 8433DDB01E5ED47600B95185 /* JHImageProject */;
			targetProxy = 8433DDD61E5ED47600B95185 /* PBXContainerItemProxy */;
		};
/* End PBXTargetDependency section */

/* Begin PBXVariantGroup section */
		8433DDBD1E5ED47600B95185 /* Main.storyboard */ = {
			isa = PBXVariantGroup;
			children = (
				8433DDBE1E5ED47600B95185 /* Base */,
			);
			name = Main.storyboard;
			sourceTree = "<group>";
		};
		8433DDC21E5ED47600B95185 /* LaunchScreen.storyboard */ = {
			isa = PBXVariantGroup;
			children = (
				8433DDC31E5ED47600B95185 /* Base */,
			);
			name = LaunchScreen.storyboard;
			sourceTree = "<group>";
		};
/* End PBXVariantGroup section */

/* Begin XCBuildConfiguration section */
		8433DDDC1E5ED47600B95185 /* Debug */ = {
			isa = XCBuildConfiguration;
			buildSettings = {
				ALWAYS_SEARCH_USER_PATHS = NO;
				CLANG_ANALYZER_NONNULL = YES;
				CLANG_CXX_LANGUAGE_STANDARD = "gnu++0x";
				CLANG_CXX_LIBRARY = "libc++";
				CLANG_ENABLE_MODULES = YES;
				CLANG_ENABLE_OBJC_ARC = YES;
				CLANG_WARN_BOOL_CONVERSION = YES;
				CLANG_WARN_CONSTANT_CONVERSION = YES;
				CLANG_WARN_DIRECT_OBJC_ISA_USAGE = YES_ERROR;
				CLANG_WARN_DOCUMENTATION_COMMENTS = YES;
				CLANG_WARN_EMPTY_BODY = YES;
				CLANG_WARN_ENUM_CONVERSION = YES;
				CLANG_WARN_INFINITE_RECURSION = YES;
				CLANG_WARN_INT_CONVERSION = YES;
				CLANG_WARN_OBJC_ROOT_CLASS = YES_ERROR;
				CLANG_WARN_SUSPICIOUS_MOVE = YES;
				CLANG_WARN_UNREACHABLE_CODE = YES;
				CLANG_WARN__DUPLICATE_METHOD_MATCH = YES;
				"CODE_SIGN_IDENTITY[sdk=iphoneos*]" = "iPhone Developer";
				COPY_PHASE_STRIP = NO;
				DEBUG_INFORMATION_FORMAT = dwarf;
				ENABLE_STRICT_OBJC_MSGSEND = YES;
				ENABLE_TESTABILITY = YES;
				GCC_C_LANGUAGE_STANDARD = gnu99;
				GCC_DYNAMIC_NO_PIC = NO;
				GCC_NO_COMMON_BLOCKS = YES;
				GCC_OPTIMIZATION_LEVEL = 0;
				GCC_PREPROCESSOR_DEFINITIONS = (
					"DEBUG=1",
					"$(inherited)",
				);
				GCC_WARN_64_TO_32_BIT_CONVERSION = YES;
				GCC_WARN_ABOUT_RETURN_TYPE = YES_ERROR;
				GCC_WARN_UNDECLARED_SELECTOR = YES;
				GCC_WARN_UNINITIALIZED_AUTOS = YES_AGGRESSIVE;
				GCC_WARN_UNUSED_FUNCTION = YES;
				GCC_WARN_UNUSED_VARIABLE = YES;
				IPHONEOS_DEPLOYMENT_TARGET = 10.2;
				MTL_ENABLE_DEBUG_INFO = YES;
				ONLY_ACTIVE_ARCH = YES;
				SDKROOT = iphoneos;
				TARGETED_DEVICE_FAMILY = "1,2";
			};
			name = Debug;
		};
		8433DDDD1E5ED47600B95185 /* Release */ = {
			isa = XCBuildConfiguration;
			buildSettings = {
				ALWAYS_SEARCH_USER_PATHS = NO;
				CLANG_ANALYZER_NONNULL = YES;
				CLANG_CXX_LANGUAGE_STANDARD = "gnu++0x";
				CLANG_CXX_LIBRARY = "libc++";
				CLANG_ENABLE_MODULES = YES;
				CLANG_ENABLE_OBJC_ARC = YES;
				CLANG_WARN_BOOL_CONVERSION = YES;
				CLANG_WARN_CONSTANT_CONVERSION = YES;
				CLANG_WARN_DIRECT_OBJC_ISA_USAGE = YES_ERROR;
				CLANG_WARN_DOCUMENTATION_COMMENTS = YES;
				CLANG_WARN_EMPTY_BODY = YES;
				CLANG_WARN_ENUM_CONVERSION = YES;
				CLANG_WARN_INFINITE_RECURSION = YES;
				CLANG_WARN_INT_CONVERSION = YES;
				CLANG_WARN_OBJC_ROOT_CLASS = YES_ERROR;
				CLANG_WARN_SUSPICIOUS_MOVE = YES;
				CLANG_WARN_UNREACHABLE_CODE = YES;
				CLANG_WARN__DUPLICATE_METHOD_MATCH = YES;
				"CODE_SIGN_IDENTITY[sdk=iphoneos*]" = "iPhone Developer";
				COPY_PHASE_STRIP = NO;
				DEBUG_INFORMATION_FORMAT = "dwarf-with-dsym";
				ENABLE_NS_ASSERTIONS = NO;
				ENABLE_STRICT_OBJC_MSGSEND = YES;
				GCC_C_LANGUAGE_STANDARD = gnu99;
				GCC_NO_COMMON_BLOCKS = YES;
				GCC_WARN_64_TO_32_BIT_CONVERSION = YES;
				GCC_WARN_ABOUT_RETURN_TYPE = YES_ERROR;
				GCC_WARN_UNDECLARED_SELECTOR = YES;
				GCC_WARN_UNINITIALIZED_AUTOS = YES_AGGRESSIVE;
				GCC_WARN_UNUSED_FUNCTION = YES;
				GCC_WARN_UNUSED_VARIABLE = YES;
				IPHONEOS_DEPLOYMENT_TARGET = 10.2;
				MTL_ENABLE_DEBUG_INFO = NO;
				SDKROOT = iphoneos;
				TARGETED_DEVICE_FAMILY = "1,2";
				VALIDATE_PRODUCT = YES;
			};
			name = Release;
		};
		8433DDDF1E5ED47600B95185 /* Debug */ = {
			isa = XCBuildConfiguration;
			buildSettings = {
				ASSETCATALOG_COMPILER_APPICON_NAME = AppIcon;
				DEVELOPMENT_TEAM = QDC3KV7D2U;
				INFOPLIST_FILE = JHImageProject/Info.plist;
				LD_RUNPATH_SEARCH_PATHS = "$(inherited) @executable_path/Frameworks";
				PRODUCT_BUNDLE_IDENTIFIER = cn.antrice.JHImageProject;
				PRODUCT_NAME = "$(TARGET_NAME)";
			};
			name = Debug;
		};
		8433DDE01E5ED47600B95185 /* Release */ = {
			isa = XCBuildConfiguration;
			buildSettings = {
				ASSETCATALOG_COMPILER_APPICON_NAME = AppIcon;
				DEVELOPMENT_TEAM = QDC3KV7D2U;
				INFOPLIST_FILE = JHImageProject/Info.plist;
				LD_RUNPATH_SEARCH_PATHS = "$(inherited) @executable_path/Frameworks";
				PRODUCT_BUNDLE_IDENTIFIER = cn.antrice.JHImageProject;
				PRODUCT_NAME = "$(TARGET_NAME)";
			};
			name = Release;
		};
		8433DDE21E5ED47600B95185 /* Debug */ = {
			isa = XCBuildConfiguration;
			buildSettings = {
				BUNDLE_LOADER = "$(TEST_HOST)";
				DEVELOPMENT_TEAM = QDC3KV7D2U;
				INFOPLIST_FILE = JHImageProjectTests/Info.plist;
				LD_RUNPATH_SEARCH_PATHS = "$(inherited) @executable_path/Frameworks @loader_path/Frameworks";
				PRODUCT_BUNDLE_IDENTIFIER = cn.antrice.JHImageProjectTests;
				PRODUCT_NAME = "$(TARGET_NAME)";
				TEST_HOST = "$(BUILT_PRODUCTS_DIR)/JHImageProject.app/JHImageProject";
			};
			name = Debug;
		};
		8433DDE31E5ED47600B95185 /* Release */ = {
			isa = XCBuildConfiguration;
			buildSettings = {
				BUNDLE_LOADER = "$(TEST_HOST)";
				DEVELOPMENT_TEAM = QDC3KV7D2U;
				INFOPLIST_FILE = JHImageProjectTests/Info.plist;
				LD_RUNPATH_SEARCH_PATHS = "$(inherited) @executable_path/Frameworks @loader_path/Frameworks";
				PRODUCT_BUNDLE_IDENTIFIER = cn.antrice.JHImageProjectTests;
				PRODUCT_NAME = "$(TARGET_NAME)";
				TEST_HOST = "$(BUILT_PRODUCTS_DIR)/JHImageProject.app/JHImageProject";
			};
			name = Release;
		};
		8433DDE51E5ED47600B95185 /* Debug */ = {
			isa = XCBuildConfiguration;
			buildSettings = {
				DEVELOPMENT_TEAM = QDC3KV7D2U;
				INFOPLIST_FILE = JHImageProjectUITests/Info.plist;
				LD_RUNPATH_SEARCH_PATHS = "$(inherited) @executable_path/Frameworks @loader_path/Frameworks";
				PRODUCT_BUNDLE_IDENTIFIER = cn.antrice.JHImageProjectUITests;
				PRODUCT_NAME = "$(TARGET_NAME)";
				TEST_TARGET_NAME = JHImageProject;
			};
			name = Debug;
		};
		8433DDE61E5ED47600B95185 /* Release */ = {
			isa = XCBuildConfiguration;
			buildSettings = {
				DEVELOPMENT_TEAM = QDC3KV7D2U;
				INFOPLIST_FILE = JHImageProjectUITests/Info.plist;
				LD_RUNPATH_SEARCH_PATHS = "$(inherited) @executable_path/Frameworks @loader_path/Frameworks";
				PRODUCT_BUNDLE_IDENTIFIER = cn.antrice.JHImageProjectUITests;
				PRODUCT_NAME = "$(TARGET_NAME)";
				TEST_TARGET_NAME = JHImageProject;
			};
			name = Release;
		};
/* End XCBuildConfiguration section */

/* Begin XCConfigurationList section */
		8433DDAC1E5ED47600B95185 /* Build configuration list for PBXProject "JHImageProject" */ = {
			isa = XCConfigurationList;
			buildConfigurations = (
				8433DDDC1E5ED47600B95185 /* Debug */,
				8433DDDD1E5ED47600B95185 /* Release */,
			);
			defaultConfigurationIsVisible = 0;
			defaultConfigurationName = Release;
		};
		8433DDDE1E5ED47600B95185 /* Build configuration list for PBXNativeTarget "JHImageProject" */ = {
			isa = XCConfigurationList;
			buildConfigurations = (
				8433DDDF1E5ED47600B95185 /* Debug */,
				8433DDE01E5ED47600B95185 /* Release */,
			);
			defaultConfigurationIsVisible = 0;
		};
		8433DDE11E5ED47600B95185 /* Build configuration list for PBXNativeTarget "JHImageProjectTests" */ = {
			isa = XCConfigurationList;
			buildConfigurations = (
				8433DDE21E5ED47600B95185 /* Debug */,
				8433DDE31E5ED47600B95185 /* Release */,
			);
			defaultConfigurationIsVisible = 0;
		};
		8433DDE41E5ED47600B95185 /* Build configuration list for PBXNativeTarget "JHImageProjectUITests" */ = {
			isa = XCConfigurationList;
			buildConfigurations = (
				8433DDE51E5ED47600B95185 /* Debug */,
				8433DDE61E5ED47600B95185 /* Release */,
			);
			defaultConfigurationIsVisible = 0;
		};
/* End XCConfigurationList section */
	};
	rootObject = 8433DDA91E5ED47600B95185 /* Project object */;
}
